
Microsoft Visual Studio Solution File, Format Version 12.00
# Visual Studio Version 16
VisualStudioVersion = 16.0.30717.126
MinimumVisualStudioVersion = 10.0.40219.1
Project("{FAE04EC0-301F-11D3-BF4B-00C04F79EFBC}") = "QuestApiRest", "QuestApiRest.csproj", "{0B2ED749-6445-4922-B6DB-6751BAB9CA7F}"
EndProject
Global
	GlobalSection(SolutionConfigurationPlatforms) = preSolution
		Debug|Any CPU = Debug|Any CPU
		Release|Any CPU = Release|Any CPU
	EndGlobalSection
	GlobalSection(ProjectConfigurationPlatforms) = postSolution
		{0B2ED749-6445-4922-B6DB-6751BAB9CA7F}.Debug|Any CPU.ActiveCfg = Debug|Any CPU
		{0B2ED749-6445-4922-B6DB-6751BAB9CA7F}.Debug|Any CPU.Build.0 = Debug|Any CPU
		{0B2ED749-6445-4922-B6DB-6751BAB9CA7F}.Release|Any CPU.ActiveCfg = Release|Any CPU
		{0B2ED749-6445-4922-B6DB-6751BAB9CA7F}.Release|Any CPU.Build.0 = Release|Any CPU
	EndGlobalSection
	GlobalSection(SolutionProperties) = preSolution
		HideSolutionNode = FALSE
	EndGlobalSection
	GlobalSection(ExtensibilityGlobals) = postSolution
		SolutionGuid = {E3DD4351-4294-4789-A06B-502CC5072A29}
	EndGlobalSection
EndGlobal
